// !$*UTF8*$!
{
	archiveVersion = 1;
	classes = {
	};
	objectVersion = 56;
	objects = {

/* Begin PBXBuildFile section */
		336471632C750577003619AB /* AppDelegate.swift in Sources */ = {isa = PBXBuildFile; fileRef = 336471622C750577003619AB /* AppDelegate.swift */; };
		336471652C750577003619AB /* SceneDelegate.swift in Sources */ = {isa = PBXBuildFile; fileRef = 336471642C750577003619AB /* SceneDelegate.swift */; };
		336471672C750577003619AB /* RMTabBarController.swift in Sources */ = {isa = PBXBuildFile; fileRef = 336471662C750577003619AB /* RMTabBarController.swift */; };
		3364716C2C750579003619AB /* Assets.xcassets in Resources */ = {isa = PBXBuildFile; fileRef = 3364716B2C750579003619AB /* Assets.xcassets */; };
		3364716F2C750579003619AB /* Base in Resources */ = {isa = PBXBuildFile; fileRef = 3364716E2C750579003619AB /* Base */; };
		3364717E2C7508E0003619AB /* RMLocation.swift in Sources */ = {isa = PBXBuildFile; fileRef = 3364717D2C7508E0003619AB /* RMLocation.swift */; };
		336471802C7508F1003619AB /* RMCharacter.swift in Sources */ = {isa = PBXBuildFile; fileRef = 3364717F2C7508F1003619AB /* RMCharacter.swift */; };
		336471822C750909003619AB /* RMEpisode.swift in Sources */ = {isa = PBXBuildFile; fileRef = 336471812C750909003619AB /* RMEpisode.swift */; };
		336471852C750999003619AB /* RMTabViewController.swift in Sources */ = {isa = PBXBuildFile; fileRef = 336471842C750999003619AB /* RMTabViewController.swift */; };
		336471872C7509B1003619AB /* RMCharacterViewController.swift in Sources */ = {isa = PBXBuildFile; fileRef = 336471862C7509B1003619AB /* RMCharacterViewController.swift */; };
		336471892C7509C7003619AB /* RMLocationViewController.swift in Sources */ = {isa = PBXBuildFile; fileRef = 336471882C7509C7003619AB /* RMLocationViewController.swift */; };
		3364718B2C7509D9003619AB /* RMEpisodeViewController.swift in Sources */ = {isa = PBXBuildFile; fileRef = 3364718A2C7509D9003619AB /* RMEpisodeViewController.swift */; };
		3364718D2C7509E4003619AB /* RMSettingViewController.swift in Sources */ = {isa = PBXBuildFile; fileRef = 3364718C2C7509E4003619AB /* RMSettingViewController.swift */; };
		3364718F2C7515A8003619AB /* RMService.swift in Sources */ = {isa = PBXBuildFile; fileRef = 3364718E2C7515A8003619AB /* RMService.swift */; };
		336471912C7515B4003619AB /* RMRequest.swift in Sources */ = {isa = PBXBuildFile; fileRef = 336471902C7515B4003619AB /* RMRequest.swift */; };
		33AF0DB42C764BB5008C7ECE /* RMEndpoint.swift in Sources */ = {isa = PBXBuildFile; fileRef = 33AF0DB32C764BB5008C7ECE /* RMEndpoint.swift */; };
/* End PBXBuildFile section */

/* Begin PBXFileReference section */
		3364715F2C750577003619AB /* RickAndMorty.app */ = {isa = PBXFileReference; explicitFileType = wrapper.application; includeInIndex = 0; path = RickAndMorty.app; sourceTree = BUILT_PRODUCTS_DIR; };
		336471622C750577003619AB /* AppDelegate.swift */ = {isa = PBXFileReference; lastKnownFileType = sourcecode.swift; path = AppDelegate.swift; sourceTree = "<group>"; };
		336471642C750577003619AB /* SceneDelegate.swift */ = {isa = PBXFileReference; lastKnownFileType = sourcecode.swift; path = SceneDelegate.swift; sourceTree = "<group>"; };
		336471662C750577003619AB /* RMTabBarController.swift */ = {isa = PBXFileReference; lastKnownFileType = sourcecode.swift; path = RMTabBarController.swift; sourceTree = "<group>"; };
		3364716B2C750579003619AB /* Assets.xcassets */ = {isa = PBXFileReference; lastKnownFileType = folder.assetcatalog; path = Assets.xcassets; sourceTree = "<group>"; };
		3364716E2C750579003619AB /* Base */ = {isa = PBXFileReference; lastKnownFileType = file.storyboard; name = Base; path = Base.lproj/LaunchScreen.storyboard; sourceTree = "<group>"; };
		336471702C750579003619AB /* Info.plist */ = {isa = PBXFileReference; lastKnownFileType = text.plist.xml; path = Info.plist; sourceTree = "<group>"; };
		3364717D2C7508E0003619AB /* RMLocation.swift */ = {isa = PBXFileReference; lastKnownFileType = sourcecode.swift; path = RMLocation.swift; sourceTree = "<group>"; };
		3364717F2C7508F1003619AB /* RMCharacter.swift */ = {isa = PBXFileReference; lastKnownFileType = sourcecode.swift; path = RMCharacter.swift; sourceTree = "<group>"; };
		336471812C750909003619AB /* RMEpisode.swift */ = {isa = PBXFileReference; lastKnownFileType = sourcecode.swift; path = RMEpisode.swift; sourceTree = "<group>"; };
		336471842C750999003619AB /* RMTabViewController.swift */ = {isa = PBXFileReference; lastKnownFileType = sourcecode.swift; path = RMTabViewController.swift; sourceTree = "<group>"; };
		336471862C7509B1003619AB /* RMCharacterViewController.swift */ = {isa = PBXFileReference; lastKnownFileType = sourcecode.swift; path = RMCharacterViewController.swift; sourceTree = "<group>"; };
		336471882C7509C7003619AB /* RMLocationViewController.swift */ = {isa = PBXFileReference; lastKnownFileType = sourcecode.swift; path = RMLocationViewController.swift; sourceTree = "<group>"; };
		3364718A2C7509D9003619AB /* RMEpisodeViewController.swift */ = {isa = PBXFileReference; lastKnownFileType = sourcecode.swift; path = RMEpisodeViewController.swift; sourceTree = "<group>"; };
		3364718C2C7509E4003619AB /* RMSettingViewController.swift */ = {isa = PBXFileReference; lastKnownFileType = sourcecode.swift; path = RMSettingViewController.swift; sourceTree = "<group>"; };
		3364718E2C7515A8003619AB /* RMService.swift */ = {isa = PBXFileReference; lastKnownFileType = sourcecode.swift; path = RMService.swift; sourceTree = "<group>"; };
		336471902C7515B4003619AB /* RMRequest.swift */ = {isa = PBXFileReference; lastKnownFileType = sourcecode.swift; path = RMRequest.swift; sourceTree = "<group>"; };
		33AF0DB32C764BB5008C7ECE /* RMEndpoint.swift */ = {isa = PBXFileReference; lastKnownFileType = sourcecode.swift; path = RMEndpoint.swift; sourceTree = "<group>"; };
/* End PBXFileReference section */

/* Begin PBXFrameworksBuildPhase section */
		3364715C2C750577003619AB /* Frameworks */ = {
			isa = PBXFrameworksBuildPhase;
			buildActionMask = 2147483647;
			files = (
			);
			runOnlyForDeploymentPostprocessing = 0;
		};
/* End PBXFrameworksBuildPhase section */

/* Begin PBXGroup section */
		336471562C750577003619AB = {
			isa = PBXGroup;
			children = (
				336471612C750577003619AB /* RickAndMorty */,
				336471602C750577003619AB /* Products */,
			);
			sourceTree = "<group>";
		};
		336471602C750577003619AB /* Products */ = {
			isa = PBXGroup;
			children = (
				3364715F2C750577003619AB /* RickAndMorty.app */,
			);
			name = Products;
			sourceTree = "<group>";
		};
		336471612C750577003619AB /* RickAndMorty */ = {
			isa = PBXGroup;
			children = (
				336471762C7507F8003619AB /* Resources */,
				336471772C750805003619AB /* Managers */,
				336471782C750813003619AB /* APIClient */,
				336471792C75081D003619AB /* ViewModels */,
				3364717A2C750823003619AB /* Views */,
				3364717C2C7508CD003619AB /* Models */,
				3364717B2C75082C003619AB /* Controllers */,
				336471702C750579003619AB /* Info.plist */,
			);
			path = RickAndMorty;
			sourceTree = "<group>";
		};
		336471762C7507F8003619AB /* Resources */ = {
			isa = PBXGroup;
			children = (
				3364716B2C750579003619AB /* Assets.xcassets */,
				3364716D2C750579003619AB /* LaunchScreen.storyboard */,
				336471622C750577003619AB /* AppDelegate.swift */,
				336471642C750577003619AB /* SceneDelegate.swift */,
			);
			path = Resources;
			sourceTree = "<group>";
		};
		336471772C750805003619AB /* Managers */ = {
			isa = PBXGroup;
			children = (
			);
			path = Managers;
			sourceTree = "<group>";
		};
		336471782C750813003619AB /* APIClient */ = {
			isa = PBXGroup;
			children = (
				3364718E2C7515A8003619AB /* RMService.swift */,
				336471902C7515B4003619AB /* RMRequest.swift */,
				33AF0DB32C764BB5008C7ECE /* RMEndpoint.swift */,
			);
			path = APIClient;
			sourceTree = "<group>";
		};
		336471792C75081D003619AB /* ViewModels */ = {
			isa = PBXGroup;
			children = (
			);
			path = ViewModels;
			sourceTree = "<group>";
		};
		3364717A2C750823003619AB /* Views */ = {
			isa = PBXGroup;
			children = (
			);
			path = Views;
			sourceTree = "<group>";
		};
		3364717B2C75082C003619AB /* Controllers */ = {
			isa = PBXGroup;
			children = (
				336471832C75096D003619AB /* Core */,
				336471662C750577003619AB /* RMTabBarController.swift */,
			);
			path = Controllers;
			sourceTree = "<group>";
		};
		3364717C2C7508CD003619AB /* Models */ = {
			isa = PBXGroup;
			children = (
				3364717D2C7508E0003619AB /* RMLocation.swift */,
				3364717F2C7508F1003619AB /* RMCharacter.swift */,
				336471812C750909003619AB /* RMEpisode.swift */,
			);
			path = Models;
			sourceTree = "<group>";
		};
		336471832C75096D003619AB /* Core */ = {
			isa = PBXGroup;
			children = (
				336471842C750999003619AB /* RMTabViewController.swift */,
				336471862C7509B1003619AB /* RMCharacterViewController.swift */,
				336471882C7509C7003619AB /* RMLocationViewController.swift */,
				3364718A2C7509D9003619AB /* RMEpisodeViewController.swift */,
				3364718C2C7509E4003619AB /* RMSettingViewController.swift */,
			);
			path = Core;
			sourceTree = "<group>";
		};
/* End PBXGroup section */

/* Begin PBXNativeTarget section */
		3364715E2C750577003619AB /* RickAndMorty */ = {
			isa = PBXNativeTarget;
			buildConfigurationList = 336471732C750579003619AB /* Build configuration list for PBXNativeTarget "RickAndMorty" */;
			buildPhases = (
				3364715B2C750577003619AB /* Sources */,
				3364715C2C750577003619AB /* Frameworks */,
				3364715D2C750577003619AB /* Resources */,
			);
			buildRules = (
			);
			dependencies = (
			);
			name = RickAndMorty;
			productName = RickAndMorty;
			productReference = 3364715F2C750577003619AB /* RickAndMorty.app */;
			productType = "com.apple.product-type.application";
		};
/* End PBXNativeTarget section */

/* Begin PBXProject section */
		336471572C750577003619AB /* Project object */ = {
			isa = PBXProject;
			attributes = {
				BuildIndependentTargetsInParallel = 1;
				LastSwiftUpdateCheck = 1540;
				LastUpgradeCheck = 1540;
				TargetAttributes = {
					3364715E2C750577003619AB = {
						CreatedOnToolsVersion = 15.4;
					};
				};
			};
			buildConfigurationList = 3364715A2C750577003619AB /* Build configuration list for PBXProject "RickAndMorty" */;
			compatibilityVersion = "Xcode 14.0";
			developmentRegion = en;
			hasScannedForEncodings = 0;
			knownRegions = (
				en,
				Base,
			);
			mainGroup = 336471562C750577003619AB;
			productRefGroup = 336471602C750577003619AB /* Products */;
			projectDirPath = "";
			projectRoot = "";
			targets = (
				3364715E2C750577003619AB /* RickAndMorty */,
			);
		};
/* End PBXProject section */

/* Begin PBXResourcesBuildPhase section */
		3364715D2C750577003619AB /* Resources */ = {
			isa = PBXResourcesBuildPhase;
			buildActionMask = 2147483647;
			files = (
				3364716C2C750579003619AB /* Assets.xcassets in Resources */,
				3364716F2C750579003619AB /* Base in Resources */,
			);
			runOnlyForDeploymentPostprocessing = 0;
		};
/* End PBXResourcesBuildPhase section */

/* Begin PBXSourcesBuildPhase section */
		3364715B2C750577003619AB /* Sources */ = {
			isa = PBXSourcesBuildPhase;
			buildActionMask = 2147483647;
			files = (
				336471892C7509C7003619AB /* RMLocationViewController.swift in Sources */,
				3364718D2C7509E4003619AB /* RMSettingViewController.swift in Sources */,
				3364718F2C7515A8003619AB /* RMService.swift in Sources */,
				336471822C750909003619AB /* RMEpisode.swift in Sources */,
				336471852C750999003619AB /* RMTabViewController.swift in Sources */,
				33AF0DB42C764BB5008C7ECE /* RMEndpoint.swift in Sources */,
				3364718B2C7509D9003619AB /* RMEpisodeViewController.swift in Sources */,
				336471912C7515B4003619AB /* RMRequest.swift in Sources */,
				336471672C750577003619AB /* RMTabBarController.swift in Sources */,
				336471632C750577003619AB /* AppDelegate.swift in Sources */,
				336471652C750577003619AB /* SceneDelegate.swift in Sources */,
				336471872C7509B1003619AB /* RMCharacterViewController.swift in Sources */,
				3364717E2C7508E0003619AB /* RMLocation.swift in Sources */,
				336471802C7508F1003619AB /* RMCharacter.swift in Sources */,
			);
			runOnlyForDeploymentPostprocessing = 0;
		};
/* End PBXSourcesBuildPhase section */

/* Begin PBXVariantGroup section */
		3364716D2C750579003619AB /* LaunchScreen.storyboard */ = {
			isa = PBXVariantGroup;
			children = (
				3364716E2C750579003619AB /* Base */,
			);
			name = LaunchScreen.storyboard;
			sourceTree = "<group>";
		};
/* End PBXVariantGroup section */

/* Begin XCBuildConfiguration section */
		336471712C750579003619AB /* Debug */ = {
			isa = XCBuildConfiguration;
			buildSettings = {
				ALWAYS_SEARCH_USER_PATHS = NO;
				ASSETCATALOG_COMPILER_GENERATE_SWIFT_ASSET_SYMBOL_EXTENSIONS = YES;
				CLANG_ANALYZER_NONNULL = YES;
				CLANG_ANALYZER_NUMBER_OBJECT_CONVERSION = YES_AGGRESSIVE;
				CLANG_CXX_LANGUAGE_STANDARD = "gnu++20";
				CLANG_ENABLE_MODULES = YES;
				CLANG_ENABLE_OBJC_ARC = YES;
				CLANG_ENABLE_OBJC_WEAK = YES;
				CLANG_WARN_BLOCK_CAPTURE_AUTORELEASING = YES;
				CLANG_WARN_BOOL_CONVERSION = YES;
				CLANG_WARN_COMMA = YES;
				CLANG_WARN_CONSTANT_CONVERSION = YES;
				CLANG_WARN_DEPRECATED_OBJC_IMPLEMENTATIONS = YES;
				CLANG_WARN_DIRECT_OBJC_ISA_USAGE = YES_ERROR;
				CLANG_WARN_DOCUMENTATION_COMMENTS = YES;
				CLANG_WARN_EMPTY_BODY = YES;
				CLANG_WARN_ENUM_CONVERSION = YES;
				CLANG_WARN_INFINITE_RECURSION = YES;
				CLANG_WARN_INT_CONVERSION = YES;
				CLANG_WARN_NON_LITERAL_NULL_CONVERSION = YES;
				CLANG_WARN_OBJC_IMPLICIT_RETAIN_SELF = YES;
				CLANG_WARN_OBJC_LITERAL_CONVERSION = YES;
				CLANG_WARN_OBJC_ROOT_CLASS = YES_ERROR;
				CLANG_WARN_QUOTED_INCLUDE_IN_FRAMEWORK_HEADER = YES;
				CLANG_WARN_RANGE_LOOP_ANALYSIS = YES;
				CLANG_WARN_STRICT_PROTOTYPES = YES;
				CLANG_WARN_SUSPICIOUS_MOVE = YES;
				CLANG_WARN_UNGUARDED_AVAILABILITY = YES_AGGRESSIVE;
				CLANG_WARN_UNREACHABLE_CODE = YES;
				CLANG_WARN__DUPLICATE_METHOD_MATCH = YES;
				COPY_PHASE_STRIP = NO;
				DEBUG_INFORMATION_FORMAT = dwarf;
				ENABLE_STRICT_OBJC_MSGSEND = YES;
				ENABLE_TESTABILITY = YES;
				ENABLE_USER_SCRIPT_SANDBOXING = YES;
				GCC_C_LANGUAGE_STANDARD = gnu17;
				GCC_DYNAMIC_NO_PIC = NO;
				GCC_NO_COMMON_BLOCKS = YES;
				GCC_OPTIMIZATION_LEVEL = 0;
				GCC_PREPROCESSOR_DEFINITIONS = (
					"DEBUG=1",
					"$(inherited)",
				);
				GCC_WARN_64_TO_32_BIT_CONVERSION = YES;
				GCC_WARN_ABOUT_RETURN_TYPE = YES_ERROR;
				GCC_WARN_UNDECLARED_SELECTOR = YES;
				GCC_WARN_UNINITIALIZED_AUTOS = YES_AGGRESSIVE;
				GCC_WARN_UNUSED_FUNCTION = YES;
				GCC_WARN_UNUSED_VARIABLE = YES;
				IPHONEOS_DEPLOYMENT_TARGET = 17.5;
				LOCALIZATION_PREFERS_STRING_CATALOGS = YES;
				MTL_ENABLE_DEBUG_INFO = INCLUDE_SOURCE;
				MTL_FAST_MATH = YES;
				ONLY_ACTIVE_ARCH = YES;
				SDKROOT = iphoneos;
				SWIFT_ACTIVE_COMPILATION_CONDITIONS = "DEBUG $(inherited)";
				SWIFT_OPTIMIZATION_LEVEL = "-Onone";
			};
			name = Debug;
		};
		336471722C750579003619AB /* Release */ = {
			isa = XCBuildConfiguration;
			buildSettings = {
				ALWAYS_SEARCH_USER_PATHS = NO;
				ASSETCATALOG_COMPILER_GENERATE_SWIFT_ASSET_SYMBOL_EXTENSIONS = YES;
				CLANG_ANALYZER_NONNULL = YES;
				CLANG_ANALYZER_NUMBER_OBJECT_CONVERSION = YES_AGGRESSIVE;
				CLANG_CXX_LANGUAGE_STANDARD = "gnu++20";
				CLANG_ENABLE_MODULES = YES;
				CLANG_ENABLE_OBJC_ARC = YES;
				CLANG_ENABLE_OBJC_WEAK = YES;
				CLANG_WARN_BLOCK_CAPTURE_AUTORELEASING = YES;
				CLANG_WARN_BOOL_CONVERSION = YES;
				CLANG_WARN_COMMA = YES;
				CLANG_WARN_CONSTANT_CONVERSION = YES;
				CLANG_WARN_DEPRECATED_OBJC_IMPLEMENTATIONS = YES;
				CLANG_WARN_DIRECT_OBJC_ISA_USAGE = YES_ERROR;
				CLANG_WARN_DOCUMENTATION_COMMENTS = YES;
				CLANG_WARN_EMPTY_BODY = YES;
				CLANG_WARN_ENUM_CONVERSION = YES;
				CLANG_WARN_INFINITE_RECURSION = YES;
				CLANG_WARN_INT_CONVERSION = YES;
				CLANG_WARN_NON_LITERAL_NULL_CONVERSION = YES;
				CLANG_WARN_OBJC_IMPLICIT_RETAIN_SELF = YES;
				CLANG_WARN_OBJC_LITERAL_CONVERSION = YES;
				CLANG_WARN_OBJC_ROOT_CLASS = YES_ERROR;
				CLANG_WARN_QUOTED_INCLUDE_IN_FRAMEWORK_HEADER = YES;
				CLANG_WARN_RANGE_LOOP_ANALYSIS = YES;
				CLANG_WARN_STRICT_PROTOTYPES = YES;
				CLANG_WARN_SUSPICIOUS_MOVE = YES;
				CLANG_WARN_UNGUARDED_AVAILABILITY = YES_AGGRESSIVE;
				CLANG_WARN_UNREACHABLE_CODE = YES;
				CLANG_WARN__DUPLICATE_METHOD_MATCH = YES;
				COPY_PHASE_STRIP = NO;
				DEBUG_INFORMATION_FORMAT = "dwarf-with-dsym";
				ENABLE_NS_ASSERTIONS = NO;
				ENABLE_STRICT_OBJC_MSGSEND = YES;
				ENABLE_USER_SCRIPT_SANDBOXING = YES;
				GCC_C_LANGUAGE_STANDARD = gnu17;
				GCC_NO_COMMON_BLOCKS = YES;
				GCC_WARN_64_TO_32_BIT_CONVERSION = YES;
				GCC_WARN_ABOUT_RETURN_TYPE = YES_ERROR;
				GCC_WARN_UNDECLARED_SELECTOR = YES;
				GCC_WARN_UNINITIALIZED_AUTOS = YES_AGGRESSIVE;
				GCC_WARN_UNUSED_FUNCTION = YES;
				GCC_WARN_UNUSED_VARIABLE = YES;
				IPHONEOS_DEPLOYMENT_TARGET = 17.5;
				LOCALIZATION_PREFERS_STRING_CATALOGS = YES;
				MTL_ENABLE_DEBUG_INFO = NO;
				MTL_FAST_MATH = YES;
				SDKROOT = iphoneos;
				SWIFT_COMPILATION_MODE = wholemodule;
				VALIDATE_PRODUCT = YES;
			};
			name = Release;
		};
		336471742C750579003619AB /* Debug */ = {
			isa = XCBuildConfiguration;
			buildSettings = {
				ASSETCATALOG_COMPILER_APPICON_NAME = AppIcon;
				ASSETCATALOG_COMPILER_GLOBAL_ACCENT_COLOR_NAME = AccentColor;
				CODE_SIGN_STYLE = Automatic;
				CURRENT_PROJECT_VERSION = 1;
				DEVELOPMENT_TEAM = 2TW7VKY4VF;
				GENERATE_INFOPLIST_FILE = YES;
				INFOPLIST_FILE = RickAndMorty/Info.plist;
				INFOPLIST_KEY_UIApplicationSupportsIndirectInputEvents = YES;
				INFOPLIST_KEY_UILaunchStoryboardName = LaunchScreen;
				INFOPLIST_KEY_UISupportedInterfaceOrientations_iPad = "UIInterfaceOrientationPortrait UIInterfaceOrientationPortraitUpsideDown UIInterfaceOrientationLandscapeLeft UIInterfaceOrientationLandscapeRight";
				INFOPLIST_KEY_UISupportedInterfaceOrientations_iPhone = "UIInterfaceOrientationPortrait UIInterfaceOrientationLandscapeLeft UIInterfaceOrientationLandscapeRight";
				IPHONEOS_DEPLOYMENT_TARGET = 17.0;
				LD_RUNPATH_SEARCH_PATHS = (
					"$(inherited)",
					"@executable_path/Frameworks",
				);
				MARKETING_VERSION = 1.0;
				PRODUCT_BUNDLE_IDENTIFIER = com.dishant.RickAndMorty;
				PRODUCT_NAME = "$(TARGET_NAME)";
				SWIFT_EMIT_LOC_STRINGS = YES;
				SWIFT_VERSION = 5.0;
				TARGETED_DEVICE_FAMILY = "1,2";
			};
			name = Debug;
		};
		336471752C750579003619AB /* Release */ = {
			isa = XCBuildConfiguration;
			buildSettings = {
				ASSETCATALOG_COMPILER_APPICON_NAME = AppIcon;
				ASSETCATALOG_COMPILER_GLOBAL_ACCENT_COLOR_NAME = AccentColor;
				CODE_SIGN_STYLE = Automatic;
				CURRENT_PROJECT_VERSION = 1;
				DEVELOPMENT_TEAM = 2TW7VKY4VF;
				GENERATE_INFOPLIST_FILE = YES;
				INFOPLIST_FILE = RickAndMorty/Info.plist;
				INFOPLIST_KEY_UIApplicationSupportsIndirectInputEvents = YES;
				INFOPLIST_KEY_UILaunchStoryboardName = LaunchScreen;
				INFOPLIST_KEY_UISupportedInterfaceOrientations_iPad = "UIInterfaceOrientationPortrait UIInterfaceOrientationPortraitUpsideDown UIInterfaceOrientationLandscapeLeft UIInterfaceOrientationLandscapeRight";
				INFOPLIST_KEY_UISupportedInterfaceOrientations_iPhone = "UIInterfaceOrientationPortrait UIInterfaceOrientationLandscapeLeft UIInterfaceOrientationLandscapeRight";
				IPHONEOS_DEPLOYMENT_TARGET = 17.0;
				LD_RUNPATH_SEARCH_PATHS = (
					"$(inherited)",
					"@executable_path/Frameworks",
				);
				MARKETING_VERSION = 1.0;
				PRODUCT_BUNDLE_IDENTIFIER = com.dishant.RickAndMorty;
				PRODUCT_NAME = "$(TARGET_NAME)";
				SWIFT_EMIT_LOC_STRINGS = YES;
				SWIFT_VERSION = 5.0;
				TARGETED_DEVICE_FAMILY = "1,2";
			};
			name = Release;
		};
/* End XCBuildConfiguration section */

/* Begin XCConfigurationList section */
		3364715A2C750577003619AB /* Build configuration list for PBXProject "RickAndMorty" */ = {
			isa = XCConfigurationList;
			buildConfigurations = (
				336471712C750579003619AB /* Debug */,
				336471722C750579003619AB /* Release */,
			);
			defaultConfigurationIsVisible = 0;
			defaultConfigurationName = Release;
		};
		336471732C750579003619AB /* Build configuration list for PBXNativeTarget "RickAndMorty" */ = {
			isa = XCConfigurationList;
			buildConfigurations = (
				336471742C750579003619AB /* Debug */,
				336471752C750579003619AB /* Release */,
			);
			defaultConfigurationIsVisible = 0;
			defaultConfigurationName = Release;
		};
/* End XCConfigurationList section */
	};
	rootObject = 336471572C750577003619AB /* Project object */;
}
